
Microsoft Visual Studio Solution File, Format Version 12.00
# Visual Studio 15
VisualStudioVersion = 15.0.26730.10
MinimumVisualStudioVersion = 10.0.40219.1
Project("{FAE04EC0-301F-11D3-BF4B-00C04F79EFBC}") = "FunThing", "FunThing\FunThing.csproj", "{98713799-4473-4D57-A21E-FD08C255A884}"
EndProject
Project("{FAE04EC0-301F-11D3-BF4B-00C04F79EFBC}") = "AspNet.Identity", "AspNet.Identity\AspNet.Identity.csproj", "{44ED85AA-AF2F-49A8-AF7B-6F87C454F7B9}"
EndProject
Global
	GlobalSection(SolutionConfigurationPlatforms) = preSolution
		Debug|Any CPU = Debug|Any CPU
		Release|Any CPU = Release|Any CPU
	EndGlobalSection
	GlobalSection(ProjectConfigurationPlatforms) = postSolution
		{98713799-4473-4D57-A21E-FD08C255A884}.Debug|Any CPU.ActiveCfg = Debug|Any CPU
		{98713799-4473-4D57-A21E-FD08C255A884}.Debug|Any CPU.Build.0 = Debug|Any CPU
		{98713799-4473-4D57-A21E-FD08C255A884}.Release|Any CPU.ActiveCfg = Release|Any CPU
		{98713799-4473-4D57-A21E-FD08C255A884}.Release|Any CPU.Build.0 = Release|Any CPU
		{44ED85AA-AF2F-49A8-AF7B-6F87C454F7B9}.Debug|Any CPU.ActiveCfg = Debug|Any CPU
		{44ED85AA-AF2F-49A8-AF7B-6F87C454F7B9}.Debug|Any CPU.Build.0 = Debug|Any CPU
		{44ED85AA-AF2F-49A8-AF7B-6F87C454F7B9}.Release|Any CPU.ActiveCfg = Release|Any CPU
		{44ED85AA-AF2F-49A8-AF7B-6F87C454F7B9}.Release|Any CPU.Build.0 = Release|Any CPU
	EndGlobalSection
	GlobalSection(SolutionProperties) = preSolution
		HideSolutionNode = FALSE
	EndGlobalSection
	GlobalSection(ExtensibilityGlobals) = postSolution
		SolutionGuid = {B56009B3-09A3-42B3-B817-CF22B5CD50E2}
	EndGlobalSection
EndGlobal
